
Microsoft Visual Studio Solution File, Format Version 12.00
# Visual Studio Version 16
VisualStudioVersion = 16.0.31005.135
MinimumVisualStudioVersion = 10.0.40219.1
Project("{9A19103F-16F7-4668-BE54-9A1E7A4F7556}") = "CapsLockShortcuts", "CapsLockShortcuts\CapsLockShortcuts.csproj", "{EE4B1743-7C1A-4F86-ACDB-8DE3D77DECC7}"
EndProject
Global
	GlobalSection(SolutionConfigurationPlatforms) = preSolution
		Debug|Any CPU = Debug|Any CPU
		Release|Any CPU = Release|Any CPU
	EndGlobalSection
	GlobalSection(ProjectConfigurationPlatforms) = postSolution
		{EE4B1743-7C1A-4F86-ACDB-8DE3D77DECC7}.Debug|Any CPU.ActiveCfg = Debug|Any CPU
		{EE4B1743-7C1A-4F86-ACDB-8DE3D77DECC7}.Debug|Any CPU.Build.0 = Debug|Any CPU
		{EE4B1743-7C1A-4F86-ACDB-8DE3D77DECC7}.Release|Any CPU.ActiveCfg = Release|Any CPU
		{EE4B1743-7C1A-4F86-ACDB-8DE3D77DECC7}.Release|Any CPU.Build.0 = Release|Any CPU
	EndGlobalSection
	GlobalSection(SolutionProperties) = preSolution
		HideSolutionNode = FALSE
	EndGlobalSection
	GlobalSection(ExtensibilityGlobals) = postSolution
		SolutionGuid = {88DC071C-1CCB-4BD0-A54A-C8B78F2CE610}
	EndGlobalSection
EndGlobal
