
Microsoft Visual Studio Solution File, Format Version 12.00
# Visual Studio Version 16
VisualStudioVersion = 16.0.29709.97
MinimumVisualStudioVersion = 10.0.40219.1
Project("{9A19103F-16F7-4668-BE54-9A1E7A4F7556}") = "CapsLockMacros", "CapsLockMacros.csproj", "{551391D4-72B5-45CA-8BD2-CC3385C3A61B}"
EndProject
Global
	GlobalSection(SolutionConfigurationPlatforms) = preSolution
		Debug|Any CPU = Debug|Any CPU
		Release|Any CPU = Release|Any CPU
	EndGlobalSection
	GlobalSection(ProjectConfigurationPlatforms) = postSolution
		{551391D4-72B5-45CA-8BD2-CC3385C3A61B}.Debug|Any CPU.ActiveCfg = Debug|Any CPU
		{551391D4-72B5-45CA-8BD2-CC3385C3A61B}.Debug|Any CPU.Build.0 = Debug|Any CPU
		{551391D4-72B5-45CA-8BD2-CC3385C3A61B}.Release|Any CPU.ActiveCfg = Release|Any CPU
		{551391D4-72B5-45CA-8BD2-CC3385C3A61B}.Release|Any CPU.Build.0 = Release|Any CPU
	EndGlobalSection
	GlobalSection(SolutionProperties) = preSolution
		HideSolutionNode = FALSE
	EndGlobalSection
	GlobalSection(ExtensibilityGlobals) = postSolution
		SolutionGuid = {3D933D34-DA12-41F5-812F-F2EF2F2AB349}
	EndGlobalSection
EndGlobal
